// !$*UTF8*$!
{
	archiveVersion = 1;
	classes = {
	};
	objectVersion = 56;
	objects = {

/* Begin PBXBuildFile section */
		C01112CE29009A63005CD924 /* SearchVC.swift in Sources */ = {isa = PBXBuildFile; fileRef = C01112CD29009A63005CD924 /* SearchVC.swift */; };
		C01112D029009ACA005CD924 /* FavoritesListVC.swift in Sources */ = {isa = PBXBuildFile; fileRef = C01112CF29009ACA005CD924 /* FavoritesListVC.swift */; };
		C0214822291049040074CC32 /* GFTitleLabel.swift in Sources */ = {isa = PBXBuildFile; fileRef = C0214821291049040074CC32 /* GFTitleLabel.swift */; };
		C021482429104E3F0074CC32 /* GFBodyLabel.swift in Sources */ = {isa = PBXBuildFile; fileRef = C021482329104E3F0074CC32 /* GFBodyLabel.swift */; };
		C0214828291051970074CC32 /* GFAlertVC.swift in Sources */ = {isa = PBXBuildFile; fileRef = C0214827291051970074CC32 /* GFAlertVC.swift */; };
		C021482A29105D3A0074CC32 /* UIViewController+Ext.swift in Sources */ = {isa = PBXBuildFile; fileRef = C021482929105D3A0074CC32 /* UIViewController+Ext.swift */; };
		C03C330B28FD75C00020D5B3 /* AppDelegate.swift in Sources */ = {isa = PBXBuildFile; fileRef = C03C330A28FD75C00020D5B3 /* AppDelegate.swift */; };
		C03C330D28FD75C00020D5B3 /* SceneDelegate.swift in Sources */ = {isa = PBXBuildFile; fileRef = C03C330C28FD75C00020D5B3 /* SceneDelegate.swift */; };
		C03C331428FD75C00020D5B3 /* Assets.xcassets in Resources */ = {isa = PBXBuildFile; fileRef = C03C331328FD75C00020D5B3 /* Assets.xcassets */; };
		C03C331728FD75C00020D5B3 /* LaunchScreen.storyboard in Resources */ = {isa = PBXBuildFile; fileRef = C03C331528FD75C00020D5B3 /* LaunchScreen.storyboard */; };
		C082B725290B0A90005C98B5 /* GFButton.swift in Sources */ = {isa = PBXBuildFile; fileRef = C082B724290B0A90005C98B5 /* GFButton.swift */; };
		C082B727290B2720005C98B5 /* GFTextField.swift in Sources */ = {isa = PBXBuildFile; fileRef = C082B726290B2720005C98B5 /* GFTextField.swift */; };
		C0BBCB70290DD43E001CDBF8 /* FollowerListVC.swift in Sources */ = {isa = PBXBuildFile; fileRef = C0BBCB6F290DD43E001CDBF8 /* FollowerListVC.swift */; };
		C0EC264F291FD9C800B8E3FD /* Follower.swift in Sources */ = {isa = PBXBuildFile; fileRef = C0EC264E291FD9C800B8E3FD /* Follower.swift */; };
		C0EC2651291FDC4300B8E3FD /* User.swift in Sources */ = {isa = PBXBuildFile; fileRef = C0EC2650291FDC4300B8E3FD /* User.swift */; };
/* End PBXBuildFile section */

/* Begin PBXFileReference section */
		C01112CD29009A63005CD924 /* SearchVC.swift */ = {isa = PBXFileReference; lastKnownFileType = sourcecode.swift; path = SearchVC.swift; sourceTree = "<group>"; };
		C01112CF29009ACA005CD924 /* FavoritesListVC.swift */ = {isa = PBXFileReference; lastKnownFileType = sourcecode.swift; path = FavoritesListVC.swift; sourceTree = "<group>"; };
		C0214821291049040074CC32 /* GFTitleLabel.swift */ = {isa = PBXFileReference; lastKnownFileType = sourcecode.swift; path = GFTitleLabel.swift; sourceTree = "<group>"; };
		C021482329104E3F0074CC32 /* GFBodyLabel.swift */ = {isa = PBXFileReference; lastKnownFileType = sourcecode.swift; path = GFBodyLabel.swift; sourceTree = "<group>"; };
		C0214827291051970074CC32 /* GFAlertVC.swift */ = {isa = PBXFileReference; lastKnownFileType = sourcecode.swift; path = GFAlertVC.swift; sourceTree = "<group>"; };
		C021482929105D3A0074CC32 /* UIViewController+Ext.swift */ = {isa = PBXFileReference; lastKnownFileType = sourcecode.swift; path = "UIViewController+Ext.swift"; sourceTree = "<group>"; };
		C03C330728FD75C00020D5B3 /* GHFollowers.app */ = {isa = PBXFileReference; explicitFileType = wrapper.application; includeInIndex = 0; path = GHFollowers.app; sourceTree = BUILT_PRODUCTS_DIR; };
		C03C330A28FD75C00020D5B3 /* AppDelegate.swift */ = {isa = PBXFileReference; lastKnownFileType = sourcecode.swift; path = AppDelegate.swift; sourceTree = "<group>"; };
		C03C330C28FD75C00020D5B3 /* SceneDelegate.swift */ = {isa = PBXFileReference; lastKnownFileType = sourcecode.swift; path = SceneDelegate.swift; sourceTree = "<group>"; };
		C03C331328FD75C00020D5B3 /* Assets.xcassets */ = {isa = PBXFileReference; lastKnownFileType = folder.assetcatalog; path = Assets.xcassets; sourceTree = "<group>"; };
		C03C331628FD75C00020D5B3 /* Base */ = {isa = PBXFileReference; lastKnownFileType = file.storyboard; name = Base; path = Base.lproj/LaunchScreen.storyboard; sourceTree = "<group>"; };
		C03C331828FD75C00020D5B3 /* Info.plist */ = {isa = PBXFileReference; lastKnownFileType = text.plist.xml; path = Info.plist; sourceTree = "<group>"; };
		C082B724290B0A90005C98B5 /* GFButton.swift */ = {isa = PBXFileReference; lastKnownFileType = sourcecode.swift; path = GFButton.swift; sourceTree = "<group>"; };
		C082B726290B2720005C98B5 /* GFTextField.swift */ = {isa = PBXFileReference; lastKnownFileType = sourcecode.swift; path = GFTextField.swift; sourceTree = "<group>"; };
		C0BBCB6F290DD43E001CDBF8 /* FollowerListVC.swift */ = {isa = PBXFileReference; lastKnownFileType = sourcecode.swift; path = FollowerListVC.swift; sourceTree = "<group>"; };
		C0EC264E291FD9C800B8E3FD /* Follower.swift */ = {isa = PBXFileReference; lastKnownFileType = sourcecode.swift; path = Follower.swift; sourceTree = "<group>"; };
		C0EC2650291FDC4300B8E3FD /* User.swift */ = {isa = PBXFileReference; lastKnownFileType = sourcecode.swift; path = User.swift; sourceTree = "<group>"; };
/* End PBXFileReference section */

/* Begin PBXFrameworksBuildPhase section */
		C03C330428FD75C00020D5B3 /* Frameworks */ = {
			isa = PBXFrameworksBuildPhase;
			buildActionMask = 2147483647;
			files = (
			);
			runOnlyForDeploymentPostprocessing = 0;
		};
/* End PBXFrameworksBuildPhase section */

/* Begin PBXGroup section */
		C03C32FE28FD75C00020D5B3 = {
			isa = PBXGroup;
			children = (
				C03C330928FD75C00020D5B3 /* GHFollowers */,
				C03C330828FD75C00020D5B3 /* Products */,
			);
			sourceTree = "<group>";
		};
		C03C330828FD75C00020D5B3 /* Products */ = {
			isa = PBXGroup;
			children = (
				C03C330728FD75C00020D5B3 /* GHFollowers.app */,
			);
			name = Products;
			sourceTree = "<group>";
		};
		C03C330928FD75C00020D5B3 /* GHFollowers */ = {
			isa = PBXGroup;
			children = (
				C0EC264D291FD9AA00B8E3FD /* Model */,
				C0EC264B291FC99700B8E3FD /* Extension */,
				C0EC264A291FC96300B8E3FD /* Custom Views */,
				C0EC2649291FC90F00B8E3FD /* Screens */,
				C0EC264C291FC9E700B8E3FD /* Support */,
			);
			path = GHFollowers;
			sourceTree = "<group>";
		};
		C0EC2649291FC90F00B8E3FD /* Screens */ = {
			isa = PBXGroup;
			children = (
				C01112CD29009A63005CD924 /* SearchVC.swift */,
				C01112CF29009ACA005CD924 /* FavoritesListVC.swift */,
				C0BBCB6F290DD43E001CDBF8 /* FollowerListVC.swift */,
			);
			path = Screens;
			sourceTree = "<group>";
		};
		C0EC264A291FC96300B8E3FD /* Custom Views */ = {
			isa = PBXGroup;
			children = (
				C0214827291051970074CC32 /* GFAlertVC.swift */,
				C082B724290B0A90005C98B5 /* GFButton.swift */,
				C082B726290B2720005C98B5 /* GFTextField.swift */,
				C0214821291049040074CC32 /* GFTitleLabel.swift */,
				C021482329104E3F0074CC32 /* GFBodyLabel.swift */,
			);
			path = "Custom Views";
			sourceTree = "<group>";
		};
		C0EC264B291FC99700B8E3FD /* Extension */ = {
			isa = PBXGroup;
			children = (
				C021482929105D3A0074CC32 /* UIViewController+Ext.swift */,
			);
			path = Extension;
			sourceTree = "<group>";
		};
		C0EC264C291FC9E700B8E3FD /* Support */ = {
			isa = PBXGroup;
			children = (
				C03C330A28FD75C00020D5B3 /* AppDelegate.swift */,
				C03C330C28FD75C00020D5B3 /* SceneDelegate.swift */,
				C03C331328FD75C00020D5B3 /* Assets.xcassets */,
				C03C331528FD75C00020D5B3 /* LaunchScreen.storyboard */,
				C03C331828FD75C00020D5B3 /* Info.plist */,
			);
			path = Support;
			sourceTree = "<group>";
		};
		C0EC264D291FD9AA00B8E3FD /* Model */ = {
			isa = PBXGroup;
			children = (
				C0EC264E291FD9C800B8E3FD /* Follower.swift */,
				C0EC2650291FDC4300B8E3FD /* User.swift */,
			);
			path = Model;
			sourceTree = "<group>";
		};
/* End PBXGroup section */

/* Begin PBXNativeTarget section */
		C03C330628FD75C00020D5B3 /* GHFollowers */ = {
			isa = PBXNativeTarget;
			buildConfigurationList = C03C331B28FD75C00020D5B3 /* Build configuration list for PBXNativeTarget "GHFollowers" */;
			buildPhases = (
				C03C330328FD75C00020D5B3 /* Sources */,
				C03C330428FD75C00020D5B3 /* Frameworks */,
				C03C330528FD75C00020D5B3 /* Resources */,
			);
			buildRules = (
			);
			dependencies = (
			);
			name = GHFollowers;
			productName = GHFollowers;
			productReference = C03C330728FD75C00020D5B3 /* GHFollowers.app */;
			productType = "com.apple.product-type.application";
		};
/* End PBXNativeTarget section */

/* Begin PBXProject section */
		C03C32FF28FD75C00020D5B3 /* Project object */ = {
			isa = PBXProject;
			attributes = {
				BuildIndependentTargetsInParallel = 1;
				LastSwiftUpdateCheck = 1400;
				LastUpgradeCheck = 1400;
				TargetAttributes = {
					C03C330628FD75C00020D5B3 = {
						CreatedOnToolsVersion = 14.0.1;
					};
				};
			};
			buildConfigurationList = C03C330228FD75C00020D5B3 /* Build configuration list for PBXProject "GHFollowers" */;
			compatibilityVersion = "Xcode 14.0";
			developmentRegion = en;
			hasScannedForEncodings = 0;
			knownRegions = (
				en,
				Base,
			);
			mainGroup = C03C32FE28FD75C00020D5B3;
			productRefGroup = C03C330828FD75C00020D5B3 /* Products */;
			projectDirPath = "";
			projectRoot = "";
			targets = (
				C03C330628FD75C00020D5B3 /* GHFollowers */,
			);
		};
/* End PBXProject section */

/* Begin PBXResourcesBuildPhase section */
		C03C330528FD75C00020D5B3 /* Resources */ = {
			isa = PBXResourcesBuildPhase;
			buildActionMask = 2147483647;
			files = (
				C03C331728FD75C00020D5B3 /* LaunchScreen.storyboard in Resources */,
				C03C331428FD75C00020D5B3 /* Assets.xcassets in Resources */,
			);
			runOnlyForDeploymentPostprocessing = 0;
		};
/* End PBXResourcesBuildPhase section */

/* Begin PBXSourcesBuildPhase section */
		C03C330328FD75C00020D5B3 /* Sources */ = {
			isa = PBXSourcesBuildPhase;
			buildActionMask = 2147483647;
			files = (
				C0EC2651291FDC4300B8E3FD /* User.swift in Sources */,
				C082B727290B2720005C98B5 /* GFTextField.swift in Sources */,
				C01112D029009ACA005CD924 /* FavoritesListVC.swift in Sources */,
				C082B725290B0A90005C98B5 /* GFButton.swift in Sources */,
				C021482A29105D3A0074CC32 /* UIViewController+Ext.swift in Sources */,
				C01112CE29009A63005CD924 /* SearchVC.swift in Sources */,
				C0214828291051970074CC32 /* GFAlertVC.swift in Sources */,
				C021482429104E3F0074CC32 /* GFBodyLabel.swift in Sources */,
				C0EC264F291FD9C800B8E3FD /* Follower.swift in Sources */,
				C0214822291049040074CC32 /* GFTitleLabel.swift in Sources */,
				C0BBCB70290DD43E001CDBF8 /* FollowerListVC.swift in Sources */,
				C03C330B28FD75C00020D5B3 /* AppDelegate.swift in Sources */,
				C03C330D28FD75C00020D5B3 /* SceneDelegate.swift in Sources */,
			);
			runOnlyForDeploymentPostprocessing = 0;
		};
/* End PBXSourcesBuildPhase section */

/* Begin PBXVariantGroup section */
		C03C331528FD75C00020D5B3 /* LaunchScreen.storyboard */ = {
			isa = PBXVariantGroup;
			children = (
				C03C331628FD75C00020D5B3 /* Base */,
			);
			name = LaunchScreen.storyboard;
			sourceTree = "<group>";
		};
/* End PBXVariantGroup section */

/* Begin XCBuildConfiguration section */
		C03C331928FD75C00020D5B3 /* Debug */ = {
			isa = XCBuildConfiguration;
			buildSettings = {
				ALWAYS_SEARCH_USER_PATHS = NO;
				CLANG_ANALYZER_NONNULL = YES;
				CLANG_ANALYZER_NUMBER_OBJECT_CONVERSION = YES_AGGRESSIVE;
				CLANG_CXX_LANGUAGE_STANDARD = "gnu++20";
				CLANG_ENABLE_MODULES = YES;
				CLANG_ENABLE_OBJC_ARC = YES;
				CLANG_ENABLE_OBJC_WEAK = YES;
				CLANG_WARN_BLOCK_CAPTURE_AUTORELEASING = YES;
				CLANG_WARN_BOOL_CONVERSION = YES;
				CLANG_WARN_COMMA = YES;
				CLANG_WARN_CONSTANT_CONVERSION = YES;
				CLANG_WARN_DEPRECATED_OBJC_IMPLEMENTATIONS = YES;
				CLANG_WARN_DIRECT_OBJC_ISA_USAGE = YES_ERROR;
				CLANG_WARN_DOCUMENTATION_COMMENTS = YES;
				CLANG_WARN_EMPTY_BODY = YES;
				CLANG_WARN_ENUM_CONVERSION = YES;
				CLANG_WARN_INFINITE_RECURSION = YES;
				CLANG_WARN_INT_CONVERSION = YES;
				CLANG_WARN_NON_LITERAL_NULL_CONVERSION = YES;
				CLANG_WARN_OBJC_IMPLICIT_RETAIN_SELF = YES;
				CLANG_WARN_OBJC_LITERAL_CONVERSION = YES;
				CLANG_WARN_OBJC_ROOT_CLASS = YES_ERROR;
				CLANG_WARN_QUOTED_INCLUDE_IN_FRAMEWORK_HEADER = YES;
				CLANG_WARN_RANGE_LOOP_ANALYSIS = YES;
				CLANG_WARN_STRICT_PROTOTYPES = YES;
				CLANG_WARN_SUSPICIOUS_MOVE = YES;
				CLANG_WARN_UNGUARDED_AVAILABILITY = YES_AGGRESSIVE;
				CLANG_WARN_UNREACHABLE_CODE = YES;
				CLANG_WARN__DUPLICATE_METHOD_MATCH = YES;
				COPY_PHASE_STRIP = NO;
				DEBUG_INFORMATION_FORMAT = dwarf;
				ENABLE_STRICT_OBJC_MSGSEND = YES;
				ENABLE_TESTABILITY = YES;
				GCC_C_LANGUAGE_STANDARD = gnu11;
				GCC_DYNAMIC_NO_PIC = NO;
				GCC_NO_COMMON_BLOCKS = YES;
				GCC_OPTIMIZATION_LEVEL = 0;
				GCC_PREPROCESSOR_DEFINITIONS = (
					"DEBUG=1",
					"$(inherited)",
				);
				GCC_WARN_64_TO_32_BIT_CONVERSION = YES;
				GCC_WARN_ABOUT_RETURN_TYPE = YES_ERROR;
				GCC_WARN_UNDECLARED_SELECTOR = YES;
				GCC_WARN_UNINITIALIZED_AUTOS = YES_AGGRESSIVE;
				GCC_WARN_UNUSED_FUNCTION = YES;
				GCC_WARN_UNUSED_VARIABLE = YES;
				IPHONEOS_DEPLOYMENT_TARGET = 16.0;
				MTL_ENABLE_DEBUG_INFO = INCLUDE_SOURCE;
				MTL_FAST_MATH = YES;
				ONLY_ACTIVE_ARCH = YES;
				SDKROOT = iphoneos;
				SWIFT_ACTIVE_COMPILATION_CONDITIONS = DEBUG;
				SWIFT_OPTIMIZATION_LEVEL = "-Onone";
			};
			name = Debug;
		};
		C03C331A28FD75C00020D5B3 /* Release */ = {
			isa = XCBuildConfiguration;
			buildSettings = {
				ALWAYS_SEARCH_USER_PATHS = NO;
				CLANG_ANALYZER_NONNULL = YES;
				CLANG_ANALYZER_NUMBER_OBJECT_CONVERSION = YES_AGGRESSIVE;
				CLANG_CXX_LANGUAGE_STANDARD = "gnu++20";
				CLANG_ENABLE_MODULES = YES;
				CLANG_ENABLE_OBJC_ARC = YES;
				CLANG_ENABLE_OBJC_WEAK = YES;
				CLANG_WARN_BLOCK_CAPTURE_AUTORELEASING = YES;
				CLANG_WARN_BOOL_CONVERSION = YES;
				CLANG_WARN_COMMA = YES;
				CLANG_WARN_CONSTANT_CONVERSION = YES;
				CLANG_WARN_DEPRECATED_OBJC_IMPLEMENTATIONS = YES;
				CLANG_WARN_DIRECT_OBJC_ISA_USAGE = YES_ERROR;
				CLANG_WARN_DOCUMENTATION_COMMENTS = YES;
				CLANG_WARN_EMPTY_BODY = YES;
				CLANG_WARN_ENUM_CONVERSION = YES;
				CLANG_WARN_INFINITE_RECURSION = YES;
				CLANG_WARN_INT_CONVERSION = YES;
				CLANG_WARN_NON_LITERAL_NULL_CONVERSION = YES;
				CLANG_WARN_OBJC_IMPLICIT_RETAIN_SELF = YES;
				CLANG_WARN_OBJC_LITERAL_CONVERSION = YES;
				CLANG_WARN_OBJC_ROOT_CLASS = YES_ERROR;
				CLANG_WARN_QUOTED_INCLUDE_IN_FRAMEWORK_HEADER = YES;
				CLANG_WARN_RANGE_LOOP_ANALYSIS = YES;
				CLANG_WARN_STRICT_PROTOTYPES = YES;
				CLANG_WARN_SUSPICIOUS_MOVE = YES;
				CLANG_WARN_UNGUARDED_AVAILABILITY = YES_AGGRESSIVE;
				CLANG_WARN_UNREACHABLE_CODE = YES;
				CLANG_WARN__DUPLICATE_METHOD_MATCH = YES;
				COPY_PHASE_STRIP = NO;
				DEBUG_INFORMATION_FORMAT = "dwarf-with-dsym";
				ENABLE_NS_ASSERTIONS = NO;
				ENABLE_STRICT_OBJC_MSGSEND = YES;
				GCC_C_LANGUAGE_STANDARD = gnu11;
				GCC_NO_COMMON_BLOCKS = YES;
				GCC_WARN_64_TO_32_BIT_CONVERSION = YES;
				GCC_WARN_ABOUT_RETURN_TYPE = YES_ERROR;
				GCC_WARN_UNDECLARED_SELECTOR = YES;
				GCC_WARN_UNINITIALIZED_AUTOS = YES_AGGRESSIVE;
				GCC_WARN_UNUSED_FUNCTION = YES;
				GCC_WARN_UNUSED_VARIABLE = YES;
				IPHONEOS_DEPLOYMENT_TARGET = 16.0;
				MTL_ENABLE_DEBUG_INFO = NO;
				MTL_FAST_MATH = YES;
				SDKROOT = iphoneos;
				SWIFT_COMPILATION_MODE = wholemodule;
				SWIFT_OPTIMIZATION_LEVEL = "-O";
				VALIDATE_PRODUCT = YES;
			};
			name = Release;
		};
		C03C331C28FD75C00020D5B3 /* Debug */ = {
			isa = XCBuildConfiguration;
			buildSettings = {
				ASSETCATALOG_COMPILER_APPICON_NAME = AppIcon;
				ASSETCATALOG_COMPILER_GLOBAL_ACCENT_COLOR_NAME = AccentColor;
				CODE_SIGN_STYLE = Automatic;
				CURRENT_PROJECT_VERSION = 1;
				DEVELOPMENT_TEAM = SYPVZ7WB5K;
				GENERATE_INFOPLIST_FILE = YES;
				INFOPLIST_FILE = GHFollowers/Info.plist;
				INFOPLIST_KEY_UIApplicationSupportsIndirectInputEvents = YES;
				INFOPLIST_KEY_UILaunchStoryboardName = LaunchScreen;
				INFOPLIST_KEY_UISupportedInterfaceOrientations_iPad = "UIInterfaceOrientationPortrait UIInterfaceOrientationPortraitUpsideDown UIInterfaceOrientationLandscapeLeft UIInterfaceOrientationLandscapeRight";
				INFOPLIST_KEY_UISupportedInterfaceOrientations_iPhone = "UIInterfaceOrientationPortrait UIInterfaceOrientationLandscapeLeft UIInterfaceOrientationLandscapeRight";
				LD_RUNPATH_SEARCH_PATHS = (
					"$(inherited)",
					"@executable_path/Frameworks",
				);
				MARKETING_VERSION = 1.0;
				PRODUCT_BUNDLE_IDENTIFIER = com.saeem.GHFollowers;
				PRODUCT_NAME = "$(TARGET_NAME)";
				SWIFT_EMIT_LOC_STRINGS = YES;
				SWIFT_VERSION = 5.0;
				TARGETED_DEVICE_FAMILY = "1,2";
			};
			name = Debug;
		};
		C03C331D28FD75C00020D5B3 /* Release */ = {
			isa = XCBuildConfiguration;
			buildSettings = {
				ASSETCATALOG_COMPILER_APPICON_NAME = AppIcon;
				ASSETCATALOG_COMPILER_GLOBAL_ACCENT_COLOR_NAME = AccentColor;
				CODE_SIGN_STYLE = Automatic;
				CURRENT_PROJECT_VERSION = 1;
				DEVELOPMENT_TEAM = SYPVZ7WB5K;
				GENERATE_INFOPLIST_FILE = YES;
				INFOPLIST_FILE = GHFollowers/Info.plist;
				INFOPLIST_KEY_UIApplicationSupportsIndirectInputEvents = YES;
				INFOPLIST_KEY_UILaunchStoryboardName = LaunchScreen;
				INFOPLIST_KEY_UISupportedInterfaceOrientations_iPad = "UIInterfaceOrientationPortrait UIInterfaceOrientationPortraitUpsideDown UIInterfaceOrientationLandscapeLeft UIInterfaceOrientationLandscapeRight";
				INFOPLIST_KEY_UISupportedInterfaceOrientations_iPhone = "UIInterfaceOrientationPortrait UIInterfaceOrientationLandscapeLeft UIInterfaceOrientationLandscapeRight";
				LD_RUNPATH_SEARCH_PATHS = (
					"$(inherited)",
					"@executable_path/Frameworks",
				);
				MARKETING_VERSION = 1.0;
				PRODUCT_BUNDLE_IDENTIFIER = com.saeem.GHFollowers;
				PRODUCT_NAME = "$(TARGET_NAME)";
				SWIFT_EMIT_LOC_STRINGS = YES;
				SWIFT_VERSION = 5.0;
				TARGETED_DEVICE_FAMILY = "1,2";
			};
			name = Release;
		};
/* End XCBuildConfiguration section */

/* Begin XCConfigurationList section */
		C03C330228FD75C00020D5B3 /* Build configuration list for PBXProject "GHFollowers" */ = {
			isa = XCConfigurationList;
			buildConfigurations = (
				C03C331928FD75C00020D5B3 /* Debug */,
				C03C331A28FD75C00020D5B3 /* Release */,
			);
			defaultConfigurationIsVisible = 0;
			defaultConfigurationName = Release;
		};
		C03C331B28FD75C00020D5B3 /* Build configuration list for PBXNativeTarget "GHFollowers" */ = {
			isa = XCConfigurationList;
			buildConfigurations = (
				C03C331C28FD75C00020D5B3 /* Debug */,
				C03C331D28FD75C00020D5B3 /* Release */,
			);
			defaultConfigurationIsVisible = 0;
			defaultConfigurationName = Release;
		};
/* End XCConfigurationList section */
	};
	rootObject = C03C32FF28FD75C00020D5B3 /* Project object */;
}
